
Microsoft Visual Studio Solution File, Format Version 12.00
# Visual Studio 15
VisualStudioVersion = 15.0.26430.13
MinimumVisualStudioVersion = 10.0.40219.1
Project("{2150E333-8FDC-42A3-9474-1A3956D46DE8}") = "Create New Customer", "Create New Customer", "{61AD084A-EA08-4761-9C9D-6BCED7975A7F}"
	ProjectSection(SolutionItems) = preProject
		AddNewCustumer-DefaultView.txt = AddNewCustumer-DefaultView.txt
		TextFile1.txt = TextFile1.txt
	EndProjectSection
EndProject
Project("{2150E333-8FDC-42A3-9474-1A3956D46DE8}") = "NewFolder1", "NewFolder1", "{B857D107-F89B-48DA-A7EF-798B574591D3}"
EndProject
Project("{2150E333-8FDC-42A3-9474-1A3956D46DE8}") = "NewFolder2", "NewFolder2", "{EA677149-C2D4-486E-9EEE-2D5A483396A9}"
EndProject
Global
	GlobalSection(SolutionProperties) = preSolution
		HideSolutionNode = FALSE
	EndGlobalSection
	GlobalSection(NestedProjects) = preSolution
		{B857D107-F89B-48DA-A7EF-798B574591D3} = {61AD084A-EA08-4761-9C9D-6BCED7975A7F}
		{EA677149-C2D4-486E-9EEE-2D5A483396A9} = {61AD084A-EA08-4761-9C9D-6BCED7975A7F}
	EndGlobalSection
EndGlobal
