
Microsoft Visual Studio Solution File, Format Version 12.00
# Visual Studio 15
VisualStudioVersion = 15.0.26430.13
MinimumVisualStudioVersion = 10.0.40219.1
Project("{2150E333-8FDC-42A3-9474-1A3956D46DE8}") = "Create New Customer", "Create New Customer", "{61AD084A-EA08-4761-9C9D-6BCED7975A7F}"
	ProjectSection(SolutionItems) = preProject
		AddNewCustumer-DefaultView.txt = AddNewCustumer-DefaultView.txt
	EndProjectSection
EndProject
Project("{2150E333-8FDC-42A3-9474-1A3956D46DE8}") = "Find Customer Search", "Find Customer Search", "{B857D107-F89B-48DA-A7EF-798B574591D3}"
	ProjectSection(SolutionItems) = preProject
		CustomerSearchView.html = CustomerSearchView.html
		EmailView.html = EmailView.html
	EndProjectSection
EndProject
Project("{2150E333-8FDC-42A3-9474-1A3956D46DE8}") = "Sample Code and Tips", "Sample Code and Tips", "{4033C4B0-715B-4A9C-B880-610520391ADC}"
	ProjectSection(SolutionItems) = preProject
		Independence_Attachments_grid_radwindow_sample.html = Independence_Attachments_grid_radwindow_sample.html
		..\..\..\..\Documents\Sequence Training\Sample Code and Tips\Tips.docx = ..\..\..\..\Documents\Sequence Training\Sample Code and Tips\Tips.docx
	EndProjectSection
EndProject
Project("{2150E333-8FDC-42A3-9474-1A3956D46DE8}") = "Custom Pages", "Custom Pages", "{F926A5E1-5390-40FC-9393-BC2095C83CD9}"
	ProjectSection(SolutionItems) = preProject
		ClaimSearch.aspx = ClaimSearch.aspx
	EndProjectSection
EndProject
Project("{2150E333-8FDC-42A3-9474-1A3956D46DE8}") = "Configs", "Configs", "{2A6F8880-F3FA-4ABE-B63C-E9AF60855DAB}"
	ProjectSection(SolutionItems) = preProject
		..\..\..\..\Documents\My Archive\BrightClaim\BrightServ\AzureSharedResources_DEV_OrigBackup\Shared Resources\Components\WorkflowExplorer\Config\WorkflowExplorer.config = ..\..\..\..\Documents\My Archive\BrightClaim\BrightServ\AzureSharedResources_DEV_OrigBackup\Shared Resources\Components\WorkflowExplorer\Config\WorkflowExplorer.config
	EndProjectSection
EndProject
Project("{2150E333-8FDC-42A3-9474-1A3956D46DE8}") = "Portal-Command", "Portal-Command", "{3454F9D6-34A2-43FA-9E6E-A1781D28CF69}"
	ProjectSection(SolutionItems) = preProject
		..\..\..\..\..\..\Junks\Default.config = ..\..\..\..\..\..\Junks\Default.config
	EndProjectSection
EndProject
Global
	GlobalSection(SolutionProperties) = preSolution
		HideSolutionNode = FALSE
	EndGlobalSection
	GlobalSection(NestedProjects) = preSolution
		{3454F9D6-34A2-43FA-9E6E-A1781D28CF69} = {2A6F8880-F3FA-4ABE-B63C-E9AF60855DAB}
	EndGlobalSection
EndGlobal
